
Microsoft Visual Studio Solution File, Format Version 12.00
# Visual Studio Version 17
VisualStudioVersion = 17.11.35312.102
MinimumVisualStudioVersion = 10.0.40219.1
Project("{9A19103F-16F7-4668-BE54-9A1E7A4F7556}") = "Almoravids", "Almoravids.csproj", "{353D28A8-C006-42FD-A4BB-3F53857ABEE9}"
EndProject
Global
	GlobalSection(SolutionConfigurationPlatforms) = preSolution
		Debug|Any CPU = Debug|Any CPU
		Release|Any CPU = Release|Any CPU
	EndGlobalSection
	GlobalSection(ProjectConfigurationPlatforms) = postSolution
		{353D28A8-C006-42FD-A4BB-3F53857ABEE9}.Debug|Any CPU.ActiveCfg = Debug|Any CPU
		{353D28A8-C006-42FD-A4BB-3F53857ABEE9}.Debug|Any CPU.Build.0 = Debug|Any CPU
		{353D28A8-C006-42FD-A4BB-3F53857ABEE9}.Release|Any CPU.ActiveCfg = Release|Any CPU
		{353D28A8-C006-42FD-A4BB-3F53857ABEE9}.Release|Any CPU.Build.0 = Release|Any CPU
	EndGlobalSection
	GlobalSection(SolutionProperties) = preSolution
		HideSolutionNode = FALSE
	EndGlobalSection
	GlobalSection(ExtensibilityGlobals) = postSolution
		SolutionGuid = {A91FA8CA-A783-4871-8ADD-626BFB9929EB}
	EndGlobalSection
EndGlobal
